{
  "name": "app",
  "version": "0.1.0",
  "lockfileVersion": 1,
  "requires": true,
  "dependencies": {
    "vue-router": {
      "version": "3.0.2",
      "resolved": "http://registry.npm.taobao.org/vue-router/download/vue-router-3.0.2.tgz",
      "integrity": "sha1-3txnr+bE4rwlaCyLHCqMDXx+Vr4="
    }
  }
}
